
Microsoft Visual Studio Solution File, Format Version 12.00
Project("{FAE04EC0-301F-11D3-BF4B-00C04F79EFBC}") = "Sales Managment System", "Sales Managment System\Sales Managment System.csproj", "{EAD494D8-708C-4F61-8079-C815E04E0AEF}"
EndProject
Global
	GlobalSection(SolutionConfigurationPlatforms) = preSolution
		Debug|Any CPU = Debug|Any CPU
		Release|Any CPU = Release|Any CPU
	EndGlobalSection
	GlobalSection(ProjectConfigurationPlatforms) = postSolution
		{EAD494D8-708C-4F61-8079-C815E04E0AEF}.Debug|Any CPU.ActiveCfg = Debug|Any CPU
		{EAD494D8-708C-4F61-8079-C815E04E0AEF}.Debug|Any CPU.Build.0 = Debug|Any CPU
		{EAD494D8-708C-4F61-8079-C815E04E0AEF}.Release|Any CPU.ActiveCfg = Release|Any CPU
		{EAD494D8-708C-4F61-8079-C815E04E0AEF}.Release|Any CPU.Build.0 = Release|Any CPU
	EndGlobalSection
EndGlobal
